
Microsoft Visual Studio Solution File, Format Version 12.00
# Visual Studio Version 16
VisualStudioVersion = 16.0.31402.337
MinimumVisualStudioVersion = 10.0.40219.1
Project("{FAE04EC0-301F-11D3-BF4B-00C04F79EFBC}") = "api_clinica", "api_clinica\api_clinica.csproj", "{46E6A6AF-0DC7-4950-9573-42C2E50A13F6}"
EndProject
Project("{FAE04EC0-301F-11D3-BF4B-00C04F79EFBC}") = "api_clinica.Tests", "api_clinica.Tests\api_clinica.Tests.csproj", "{14A21B60-3276-4FC9-8151-784468040881}"
EndProject
Global
	GlobalSection(SolutionConfigurationPlatforms) = preSolution
		Debug|Any CPU = Debug|Any CPU
		Release|Any CPU = Release|Any CPU
	EndGlobalSection
	GlobalSection(ProjectConfigurationPlatforms) = postSolution
		{46E6A6AF-0DC7-4950-9573-42C2E50A13F6}.Debug|Any CPU.ActiveCfg = Debug|Any CPU
		{46E6A6AF-0DC7-4950-9573-42C2E50A13F6}.Debug|Any CPU.Build.0 = Debug|Any CPU
		{46E6A6AF-0DC7-4950-9573-42C2E50A13F6}.Release|Any CPU.ActiveCfg = Release|Any CPU
		{46E6A6AF-0DC7-4950-9573-42C2E50A13F6}.Release|Any CPU.Build.0 = Release|Any CPU
		{14A21B60-3276-4FC9-8151-784468040881}.Debug|Any CPU.ActiveCfg = Debug|Any CPU
		{14A21B60-3276-4FC9-8151-784468040881}.Debug|Any CPU.Build.0 = Debug|Any CPU
		{14A21B60-3276-4FC9-8151-784468040881}.Release|Any CPU.ActiveCfg = Release|Any CPU
		{14A21B60-3276-4FC9-8151-784468040881}.Release|Any CPU.Build.0 = Release|Any CPU
	EndGlobalSection
	GlobalSection(SolutionProperties) = preSolution
		HideSolutionNode = FALSE
	EndGlobalSection
	GlobalSection(ExtensibilityGlobals) = postSolution
		SolutionGuid = {77941D5E-12B0-4023-A1A7-5F4130CB5E8B}
	EndGlobalSection
EndGlobal
